
Microsoft Visual Studio Solution File, Format Version 12.00
# Visual Studio 14
VisualStudioVersion = 14.0.25420.1
MinimumVisualStudioVersion = 10.0.40219.1
Project("{8BC9CEB8-8B4A-11D0-8D11-00A0C91BC942}") = "SimpleServer", "SimpleServer\SimpleServer.vcxproj", "{53F387ED-F3BD-4E98-8490-06C8EA062E12}"
EndProject
Project("{8BC9CEB8-8B4A-11D0-8D11-00A0C91BC942}") = "SimpleCommon", "SimpleCommon\SimpleCommon.vcxproj", "{06EE8BE2-0DF2-420A-A670-D9DB6FF98C07}"
EndProject
Global
	GlobalSection(SolutionConfigurationPlatforms) = preSolution
		Debug_ProudNetTest|Any CPU = Debug_ProudNetTest|Any CPU
		Debug_ProudNetTest|Win32 = Debug_ProudNetTest|Win32
		Debug_ProudNetTest|x64 = Debug_ProudNetTest|x64
		Debug_ProudNetTest|x86 = Debug_ProudNetTest|x86
		Debug_static_CRT|Any CPU = Debug_static_CRT|Any CPU
		Debug_static_CRT|Win32 = Debug_static_CRT|Win32
		Debug_static_CRT|x64 = Debug_static_CRT|x64
		Debug_static_CRT|x86 = Debug_static_CRT|x86
		Debug|Any CPU = Debug|Any CPU
		Debug|Win32 = Debug|Win32
		Debug|x64 = Debug|x64
		Debug|x86 = Debug|x86
		Release_ProudNetTest|Any CPU = Release_ProudNetTest|Any CPU
		Release_ProudNetTest|Win32 = Release_ProudNetTest|Win32
		Release_ProudNetTest|x64 = Release_ProudNetTest|x64
		Release_ProudNetTest|x86 = Release_ProudNetTest|x86
		Release_static_CRT|Any CPU = Release_static_CRT|Any CPU
		Release_static_CRT|Win32 = Release_static_CRT|Win32
		Release_static_CRT|x64 = Release_static_CRT|x64
		Release_static_CRT|x86 = Release_static_CRT|x86
		Release|Any CPU = Release|Any CPU
		Release|Win32 = Release|Win32
		Release|x64 = Release|x64
		Release|x86 = Release|x86
	EndGlobalSection
	GlobalSection(ProjectConfigurationPlatforms) = postSolution
		{53F387ED-F3BD-4E98-8490-06C8EA062E12}.Debug_ProudNetTest|Any CPU.ActiveCfg = Release|Win32
		{53F387ED-F3BD-4E98-8490-06C8EA062E12}.Debug_ProudNetTest|Any CPU.Build.0 = Release|Win32
		{53F387ED-F3BD-4E98-8490-06C8EA062E12}.Debug_ProudNetTest|Win32.ActiveCfg = Debug|Win32
		{53F387ED-F3BD-4E98-8490-06C8EA062E12}.Debug_ProudNetTest|Win32.Build.0 = Debug|Win32
		{53F387ED-F3BD-4E98-8490-06C8EA062E12}.Debug_ProudNetTest|x64.ActiveCfg = Debug|x64
		{53F387ED-F3BD-4E98-8490-06C8EA062E12}.Debug_ProudNetTest|x64.Build.0 = Debug|x64
		{53F387ED-F3BD-4E98-8490-06C8EA062E12}.Debug_ProudNetTest|x86.ActiveCfg = Debug|Win32
		{53F387ED-F3BD-4E98-8490-06C8EA062E12}.Debug_ProudNetTest|x86.Build.0 = Debug|Win32
		{53F387ED-F3BD-4E98-8490-06C8EA062E12}.Debug_static_CRT|Any CPU.ActiveCfg = Release|Win32
		{53F387ED-F3BD-4E98-8490-06C8EA062E12}.Debug_static_CRT|Any CPU.Build.0 = Release|Win32
		{53F387ED-F3BD-4E98-8490-06C8EA062E12}.Debug_static_CRT|Win32.ActiveCfg = Debug|Win32
		{53F387ED-F3BD-4E98-8490-06C8EA062E12}.Debug_static_CRT|Win32.Build.0 = Debug|Win32
		{53F387ED-F3BD-4E98-8490-06C8EA062E12}.Debug_static_CRT|x64.ActiveCfg = Debug|x64
		{53F387ED-F3BD-4E98-8490-06C8EA062E12}.Debug_static_CRT|x64.Build.0 = Debug|x64
		{53F387ED-F3BD-4E98-8490-06C8EA062E12}.Debug_static_CRT|x86.ActiveCfg = Debug|Win32
		{53F387ED-F3BD-4E98-8490-06C8EA062E12}.Debug_static_CRT|x86.Build.0 = Debug|Win32
		{53F387ED-F3BD-4E98-8490-06C8EA062E12}.Debug|Any CPU.ActiveCfg = Debug|Win32
		{53F387ED-F3BD-4E98-8490-06C8EA062E12}.Debug|Win32.ActiveCfg = Debug|Win32
		{53F387ED-F3BD-4E98-8490-06C8EA062E12}.Debug|Win32.Build.0 = Debug|Win32
		{53F387ED-F3BD-4E98-8490-06C8EA062E12}.Debug|x64.ActiveCfg = Debug|x64
		{53F387ED-F3BD-4E98-8490-06C8EA062E12}.Debug|x64.Build.0 = Debug|x64
		{53F387ED-F3BD-4E98-8490-06C8EA062E12}.Debug|x86.ActiveCfg = Debug|Win32
		{53F387ED-F3BD-4E98-8490-06C8EA062E12}.Debug|x86.Build.0 = Debug|Win32
		{53F387ED-F3BD-4E98-8490-06C8EA062E12}.Release_ProudNetTest|Any CPU.ActiveCfg = Release|Win32
		{53F387ED-F3BD-4E98-8490-06C8EA062E12}.Release_ProudNetTest|Any CPU.Build.0 = Release|Win32
		{53F387ED-F3BD-4E98-8490-06C8EA062E12}.Release_ProudNetTest|Win32.ActiveCfg = Release|Win32
		{53F387ED-F3BD-4E98-8490-06C8EA062E12}.Release_ProudNetTest|Win32.Build.0 = Release|Win32
		{53F387ED-F3BD-4E98-8490-06C8EA062E12}.Release_ProudNetTest|x64.ActiveCfg = Release|x64
		{53F387ED-F3BD-4E98-8490-06C8EA062E12}.Release_ProudNetTest|x64.Build.0 = Release|x64
		{53F387ED-F3BD-4E98-8490-06C8EA062E12}.Release_ProudNetTest|x86.ActiveCfg = Release|Win32
		{53F387ED-F3BD-4E98-8490-06C8EA062E12}.Release_ProudNetTest|x86.Build.0 = Release|Win32
		{53F387ED-F3BD-4E98-8490-06C8EA062E12}.Release_static_CRT|Any CPU.ActiveCfg = Release|Win32
		{53F387ED-F3BD-4E98-8490-06C8EA062E12}.Release_static_CRT|Any CPU.Build.0 = Release|Win32
		{53F387ED-F3BD-4E98-8490-06C8EA062E12}.Release_static_CRT|Win32.ActiveCfg = Release|Win32
		{53F387ED-F3BD-4E98-8490-06C8EA062E12}.Release_static_CRT|Win32.Build.0 = Release|Win32
		{53F387ED-F3BD-4E98-8490-06C8EA062E12}.Release_static_CRT|x64.ActiveCfg = Release|x64
		{53F387ED-F3BD-4E98-8490-06C8EA062E12}.Release_static_CRT|x64.Build.0 = Release|x64
		{53F387ED-F3BD-4E98-8490-06C8EA062E12}.Release_static_CRT|x86.ActiveCfg = Release|Win32
		{53F387ED-F3BD-4E98-8490-06C8EA062E12}.Release_static_CRT|x86.Build.0 = Release|Win32
		{53F387ED-F3BD-4E98-8490-06C8EA062E12}.Release|Any CPU.ActiveCfg = Release|Win32
		{53F387ED-F3BD-4E98-8490-06C8EA062E12}.Release|Win32.ActiveCfg = Release|Win32
		{53F387ED-F3BD-4E98-8490-06C8EA062E12}.Release|Win32.Build.0 = Release|Win32
		{53F387ED-F3BD-4E98-8490-06C8EA062E12}.Release|x64.ActiveCfg = Release|x64
		{53F387ED-F3BD-4E98-8490-06C8EA062E12}.Release|x64.Build.0 = Release|x64
		{53F387ED-F3BD-4E98-8490-06C8EA062E12}.Release|x86.ActiveCfg = Release|Win32
		{53F387ED-F3BD-4E98-8490-06C8EA062E12}.Release|x86.Build.0 = Release|Win32
		{06EE8BE2-0DF2-420A-A670-D9DB6FF98C07}.Debug_ProudNetTest|Any CPU.ActiveCfg = Release|Win32
		{06EE8BE2-0DF2-420A-A670-D9DB6FF98C07}.Debug_ProudNetTest|Any CPU.Build.0 = Release|Win32
		{06EE8BE2-0DF2-420A-A670-D9DB6FF98C07}.Debug_ProudNetTest|Win32.ActiveCfg = Debug|Win32
		{06EE8BE2-0DF2-420A-A670-D9DB6FF98C07}.Debug_ProudNetTest|Win32.Build.0 = Debug|Win32
		{06EE8BE2-0DF2-420A-A670-D9DB6FF98C07}.Debug_ProudNetTest|x64.ActiveCfg = Debug|x64
		{06EE8BE2-0DF2-420A-A670-D9DB6FF98C07}.Debug_ProudNetTest|x64.Build.0 = Debug|x64
		{06EE8BE2-0DF2-420A-A670-D9DB6FF98C07}.Debug_ProudNetTest|x86.ActiveCfg = Debug|Win32
		{06EE8BE2-0DF2-420A-A670-D9DB6FF98C07}.Debug_ProudNetTest|x86.Build.0 = Debug|Win32
		{06EE8BE2-0DF2-420A-A670-D9DB6FF98C07}.Debug_static_CRT|Any CPU.ActiveCfg = Release|Win32
		{06EE8BE2-0DF2-420A-A670-D9DB6FF98C07}.Debug_static_CRT|Any CPU.Build.0 = Release|Win32
		{06EE8BE2-0DF2-420A-A670-D9DB6FF98C07}.Debug_static_CRT|Win32.ActiveCfg = Debug|Win32
		{06EE8BE2-0DF2-420A-A670-D9DB6FF98C07}.Debug_static_CRT|Win32.Build.0 = Debug|Win32
		{06EE8BE2-0DF2-420A-A670-D9DB6FF98C07}.Debug_static_CRT|x64.ActiveCfg = Debug|x64
		{06EE8BE2-0DF2-420A-A670-D9DB6FF98C07}.Debug_static_CRT|x64.Build.0 = Debug|x64
		{06EE8BE2-0DF2-420A-A670-D9DB6FF98C07}.Debug_static_CRT|x86.ActiveCfg = Debug|Win32
		{06EE8BE2-0DF2-420A-A670-D9DB6FF98C07}.Debug_static_CRT|x86.Build.0 = Debug|Win32
		{06EE8BE2-0DF2-420A-A670-D9DB6FF98C07}.Debug|Any CPU.ActiveCfg = Debug|Win32
		{06EE8BE2-0DF2-420A-A670-D9DB6FF98C07}.Debug|Win32.ActiveCfg = Debug|Win32
		{06EE8BE2-0DF2-420A-A670-D9DB6FF98C07}.Debug|Win32.Build.0 = Debug|Win32
		{06EE8BE2-0DF2-420A-A670-D9DB6FF98C07}.Debug|x64.ActiveCfg = Debug|x64
		{06EE8BE2-0DF2-420A-A670-D9DB6FF98C07}.Debug|x64.Build.0 = Debug|x64
		{06EE8BE2-0DF2-420A-A670-D9DB6FF98C07}.Debug|x86.ActiveCfg = Debug|Win32
		{06EE8BE2-0DF2-420A-A670-D9DB6FF98C07}.Debug|x86.Build.0 = Debug|Win32
		{06EE8BE2-0DF2-420A-A670-D9DB6FF98C07}.Release_ProudNetTest|Any CPU.ActiveCfg = Release|Win32
		{06EE8BE2-0DF2-420A-A670-D9DB6FF98C07}.Release_ProudNetTest|Any CPU.Build.0 = Release|Win32
		{06EE8BE2-0DF2-420A-A670-D9DB6FF98C07}.Release_ProudNetTest|Win32.ActiveCfg = Release|Win32
		{06EE8BE2-0DF2-420A-A670-D9DB6FF98C07}.Release_ProudNetTest|Win32.Build.0 = Release|Win32
		{06EE8BE2-0DF2-420A-A670-D9DB6FF98C07}.Release_ProudNetTest|x64.ActiveCfg = Release|x64
		{06EE8BE2-0DF2-420A-A670-D9DB6FF98C07}.Release_ProudNetTest|x64.Build.0 = Release|x64
		{06EE8BE2-0DF2-420A-A670-D9DB6FF98C07}.Release_ProudNetTest|x86.ActiveCfg = Release|Win32
		{06EE8BE2-0DF2-420A-A670-D9DB6FF98C07}.Release_ProudNetTest|x86.Build.0 = Release|Win32
		{06EE8BE2-0DF2-420A-A670-D9DB6FF98C07}.Release_static_CRT|Any CPU.ActiveCfg = Release|Win32
		{06EE8BE2-0DF2-420A-A670-D9DB6FF98C07}.Release_static_CRT|Any CPU.Build.0 = Release|Win32
		{06EE8BE2-0DF2-420A-A670-D9DB6FF98C07}.Release_static_CRT|Win32.ActiveCfg = Release|Win32
		{06EE8BE2-0DF2-420A-A670-D9DB6FF98C07}.Release_static_CRT|Win32.Build.0 = Release|Win32
		{06EE8BE2-0DF2-420A-A670-D9DB6FF98C07}.Release_static_CRT|x64.ActiveCfg = Release|x64
		{06EE8BE2-0DF2-420A-A670-D9DB6FF98C07}.Release_static_CRT|x64.Build.0 = Release|x64
		{06EE8BE2-0DF2-420A-A670-D9DB6FF98C07}.Release_static_CRT|x86.ActiveCfg = Release|Win32
		{06EE8BE2-0DF2-420A-A670-D9DB6FF98C07}.Release_static_CRT|x86.Build.0 = Release|Win32
		{06EE8BE2-0DF2-420A-A670-D9DB6FF98C07}.Release|Any CPU.ActiveCfg = Release|Win32
		{06EE8BE2-0DF2-420A-A670-D9DB6FF98C07}.Release|Win32.ActiveCfg = Release|Win32
		{06EE8BE2-0DF2-420A-A670-D9DB6FF98C07}.Release|Win32.Build.0 = Release|Win32
		{06EE8BE2-0DF2-420A-A670-D9DB6FF98C07}.Release|x64.ActiveCfg = Release|x64
		{06EE8BE2-0DF2-420A-A670-D9DB6FF98C07}.Release|x64.Build.0 = Release|x64
		{06EE8BE2-0DF2-420A-A670-D9DB6FF98C07}.Release|x86.ActiveCfg = Release|Win32
		{06EE8BE2-0DF2-420A-A670-D9DB6FF98C07}.Release|x86.Build.0 = Release|Win32
	EndGlobalSection
	GlobalSection(SolutionProperties) = preSolution
		HideSolutionNode = FALSE
	EndGlobalSection
EndGlobal
